
Microsoft Visual Studio Solution File, Format Version 12.00
# Visual Studio Version 16
VisualStudioVersion = 16.0.28803.202
MinimumVisualStudioVersion = 10.0.40219.1
Project("{9A19103F-16F7-4668-BE54-9A1E7A4F7556}") = "MVC_core", "MVC_core\MVC_core.csproj", "{EE0F3989-EE6D-405D-89F4-3CAA52542FE2}"
EndProject
Global
	GlobalSection(SolutionConfigurationPlatforms) = preSolution
		Debug|Any CPU = Debug|Any CPU
		Release|Any CPU = Release|Any CPU
	EndGlobalSection
	GlobalSection(ProjectConfigurationPlatforms) = postSolution
		{EE0F3989-EE6D-405D-89F4-3CAA52542FE2}.Debug|Any CPU.ActiveCfg = Debug|Any CPU
		{EE0F3989-EE6D-405D-89F4-3CAA52542FE2}.Debug|Any CPU.Build.0 = Debug|Any CPU
		{EE0F3989-EE6D-405D-89F4-3CAA52542FE2}.Release|Any CPU.ActiveCfg = Release|Any CPU
		{EE0F3989-EE6D-405D-89F4-3CAA52542FE2}.Release|Any CPU.Build.0 = Release|Any CPU
	EndGlobalSection
	GlobalSection(SolutionProperties) = preSolution
		HideSolutionNode = FALSE
	EndGlobalSection
	GlobalSection(ExtensibilityGlobals) = postSolution
		SolutionGuid = {C62BA8D7-5550-4B42-AE36-8B03DC3B7147}
	EndGlobalSection
EndGlobal
